
Microsoft Visual Studio Solution File, Format Version 12.00
# Visual Studio Version 17
VisualStudioVersion = 17.4.33122.133
MinimumVisualStudioVersion = 10.0.40219.1
Project("{FAE04EC0-301F-11D3-BF4B-00C04F79EFBC}") = "Agario", "Agario.csproj", "{205C2BE6-F780-4CDE-AEA6-0D9432FD95FE}"
EndProject
Global
	GlobalSection(SolutionConfigurationPlatforms) = preSolution
		Debug|Any CPU = Debug|Any CPU
		Release|Any CPU = Release|Any CPU
	EndGlobalSection
	GlobalSection(ProjectConfigurationPlatforms) = postSolution
		{205C2BE6-F780-4CDE-AEA6-0D9432FD95FE}.Debug|Any CPU.ActiveCfg = Debug|Any CPU
		{205C2BE6-F780-4CDE-AEA6-0D9432FD95FE}.Debug|Any CPU.Build.0 = Debug|Any CPU
		{205C2BE6-F780-4CDE-AEA6-0D9432FD95FE}.Release|Any CPU.ActiveCfg = Release|Any CPU
		{205C2BE6-F780-4CDE-AEA6-0D9432FD95FE}.Release|Any CPU.Build.0 = Release|Any CPU
	EndGlobalSection
	GlobalSection(SolutionProperties) = preSolution
		HideSolutionNode = FALSE
	EndGlobalSection
	GlobalSection(ExtensibilityGlobals) = postSolution
		SolutionGuid = {6502D1CD-5810-4327-AFC3-6A952713A8CA}
	EndGlobalSection
EndGlobal
