
Microsoft Visual Studio Solution File, Format Version 12.00
Project("{FAE04EC0-301F-11D3-BF4B-00C04F79EFBC}") = "AgarioGame", "AgarioGame\AgarioGame.csproj", "{8BC68881-AEA8-45A5-8C82-1C2821BD6056}"
EndProject
Project("{FAE04EC0-301F-11D3-BF4B-00C04F79EFBC}") = "Engine", "Engine\Engine.csproj", "{AA3DB743-F64E-4A78-BD0C-7D8BE21E62A7}"
EndProject
Global
	GlobalSection(SolutionConfigurationPlatforms) = preSolution
		Debug|Any CPU = Debug|Any CPU
		Release|Any CPU = Release|Any CPU
	EndGlobalSection
	GlobalSection(ProjectConfigurationPlatforms) = postSolution
		{8BC68881-AEA8-45A5-8C82-1C2821BD6056}.Debug|Any CPU.ActiveCfg = Debug|Any CPU
		{8BC68881-AEA8-45A5-8C82-1C2821BD6056}.Debug|Any CPU.Build.0 = Debug|Any CPU
		{8BC68881-AEA8-45A5-8C82-1C2821BD6056}.Release|Any CPU.ActiveCfg = Release|Any CPU
		{8BC68881-AEA8-45A5-8C82-1C2821BD6056}.Release|Any CPU.Build.0 = Release|Any CPU
		{AA3DB743-F64E-4A78-BD0C-7D8BE21E62A7}.Debug|Any CPU.ActiveCfg = Debug|Any CPU
		{AA3DB743-F64E-4A78-BD0C-7D8BE21E62A7}.Debug|Any CPU.Build.0 = Debug|Any CPU
		{AA3DB743-F64E-4A78-BD0C-7D8BE21E62A7}.Release|Any CPU.ActiveCfg = Release|Any CPU
		{AA3DB743-F64E-4A78-BD0C-7D8BE21E62A7}.Release|Any CPU.Build.0 = Release|Any CPU
	EndGlobalSection
EndGlobal
